
Microsoft Visual Studio Solution File, Format Version 12.00
# Visual Studio 2012
Project("{FAE04EC0-301F-11D3-BF4B-00C04F79EFBC}") = "Veith.WPFLocalizator", "Veith.WPFLocalizator\Veith.WPFLocalizator.csproj", "{798541B5-691B-4082-86A7-24A49891688C}"
EndProject
Project("{FAE04EC0-301F-11D3-BF4B-00C04F79EFBC}") = "Veith.WPFLocalizator.EndToEndTests", "Veith.WPFLocalizator.EndToEndTests\Veith.WPFLocalizator.EndToEndTests.csproj", "{FE60F5E2-9064-451F-B941-3915FFC13E16}"
EndProject
Project("{FAE04EC0-301F-11D3-BF4B-00C04F79EFBC}") = "Veith.WPFLocalizator.UnitTests", "Veith.WPFLocalizator.UnitTests\Veith.WPFLocalizator.UnitTests.csproj", "{0CEB3459-5564-445E-82FB-28F120A35426}"
EndProject
Project("{FAE04EC0-301F-11D3-BF4B-00C04F79EFBC}") = "Veith.WPFLocalizator.Resources", "Veith.WPFLocalizator.Resources\Veith.WPFLocalizator.Resources.csproj", "{0AA16370-FF67-484F-A0A0-9B0774CEABD8}"
EndProject
Project("{2150E333-8FDC-42A3-9474-1A3956D46DE8}") = ".nuget", ".nuget", "{E634D046-E323-4EA1-9143-B98CFB29B2BA}"
	ProjectSection(SolutionItems) = preProject
		.nuget\NuGet.Config = .nuget\NuGet.Config
		.nuget\NuGet.exe = .nuget\NuGet.exe
		.nuget\NuGet.targets = .nuget\NuGet.targets
	EndProjectSection
EndProject
Global
	GlobalSection(SolutionConfigurationPlatforms) = preSolution
		Debug|Any CPU = Debug|Any CPU
		Debug|x64 = Debug|x64
		Debug|x86 = Debug|x86
		Release - x86|Any CPU = Release - x86|Any CPU
		Release - x86|x64 = Release - x86|x64
		Release - x86|x86 = Release - x86|x86
		Release|Any CPU = Release|Any CPU
		Release|x64 = Release|x64
		Release|x86 = Release|x86
	EndGlobalSection
	GlobalSection(ProjectConfigurationPlatforms) = postSolution
		{798541B5-691B-4082-86A7-24A49891688C}.Debug|Any CPU.ActiveCfg = Debug|Any CPU
		{798541B5-691B-4082-86A7-24A49891688C}.Debug|Any CPU.Build.0 = Debug|Any CPU
		{798541B5-691B-4082-86A7-24A49891688C}.Debug|x64.ActiveCfg = Debug|x64
		{798541B5-691B-4082-86A7-24A49891688C}.Debug|x64.Build.0 = Debug|x64
		{798541B5-691B-4082-86A7-24A49891688C}.Debug|x86.ActiveCfg = Debug|x86
		{798541B5-691B-4082-86A7-24A49891688C}.Debug|x86.Build.0 = Debug|x86
		{798541B5-691B-4082-86A7-24A49891688C}.Release - x86|Any CPU.ActiveCfg = Release - x86|x86
		{798541B5-691B-4082-86A7-24A49891688C}.Release - x86|Any CPU.Build.0 = Release - x86|x86
		{798541B5-691B-4082-86A7-24A49891688C}.Release - x86|x64.ActiveCfg = Release - x86|x64
		{798541B5-691B-4082-86A7-24A49891688C}.Release - x86|x64.Build.0 = Release - x86|x64
		{798541B5-691B-4082-86A7-24A49891688C}.Release - x86|x86.ActiveCfg = Release - x86|x86
		{798541B5-691B-4082-86A7-24A49891688C}.Release - x86|x86.Build.0 = Release - x86|x86
		{798541B5-691B-4082-86A7-24A49891688C}.Release|Any CPU.ActiveCfg = Release|Any CPU
		{798541B5-691B-4082-86A7-24A49891688C}.Release|Any CPU.Build.0 = Release|Any CPU
		{798541B5-691B-4082-86A7-24A49891688C}.Release|x64.ActiveCfg = Release|x64
		{798541B5-691B-4082-86A7-24A49891688C}.Release|x64.Build.0 = Release|x64
		{798541B5-691B-4082-86A7-24A49891688C}.Release|x86.ActiveCfg = Release|x86
		{798541B5-691B-4082-86A7-24A49891688C}.Release|x86.Build.0 = Release|x86
		{FE60F5E2-9064-451F-B941-3915FFC13E16}.Debug|Any CPU.ActiveCfg = Debug|Any CPU
		{FE60F5E2-9064-451F-B941-3915FFC13E16}.Debug|Any CPU.Build.0 = Debug|Any CPU
		{FE60F5E2-9064-451F-B941-3915FFC13E16}.Debug|x64.ActiveCfg = Debug|x64
		{FE60F5E2-9064-451F-B941-3915FFC13E16}.Debug|x64.Build.0 = Debug|x64
		{FE60F5E2-9064-451F-B941-3915FFC13E16}.Debug|x86.ActiveCfg = Debug|x86
		{FE60F5E2-9064-451F-B941-3915FFC13E16}.Debug|x86.Build.0 = Debug|x86
		{FE60F5E2-9064-451F-B941-3915FFC13E16}.Release - x86|Any CPU.ActiveCfg = Release - x86|Any CPU
		{FE60F5E2-9064-451F-B941-3915FFC13E16}.Release - x86|Any CPU.Build.0 = Release - x86|Any CPU
		{FE60F5E2-9064-451F-B941-3915FFC13E16}.Release - x86|x64.ActiveCfg = Release - x86|x64
		{FE60F5E2-9064-451F-B941-3915FFC13E16}.Release - x86|x64.Build.0 = Release - x86|x64
		{FE60F5E2-9064-451F-B941-3915FFC13E16}.Release - x86|x86.ActiveCfg = Release - x86|x86
		{FE60F5E2-9064-451F-B941-3915FFC13E16}.Release - x86|x86.Build.0 = Release - x86|x86
		{FE60F5E2-9064-451F-B941-3915FFC13E16}.Release|Any CPU.ActiveCfg = Release|Any CPU
		{FE60F5E2-9064-451F-B941-3915FFC13E16}.Release|Any CPU.Build.0 = Release|Any CPU
		{FE60F5E2-9064-451F-B941-3915FFC13E16}.Release|x64.ActiveCfg = Release|x64
		{FE60F5E2-9064-451F-B941-3915FFC13E16}.Release|x64.Build.0 = Release|x64
		{FE60F5E2-9064-451F-B941-3915FFC13E16}.Release|x86.ActiveCfg = Release|x86
		{FE60F5E2-9064-451F-B941-3915FFC13E16}.Release|x86.Build.0 = Release|x86
		{0CEB3459-5564-445E-82FB-28F120A35426}.Debug|Any CPU.ActiveCfg = Debug|Any CPU
		{0CEB3459-5564-445E-82FB-28F120A35426}.Debug|Any CPU.Build.0 = Debug|Any CPU
		{0CEB3459-5564-445E-82FB-28F120A35426}.Debug|x64.ActiveCfg = Debug|x64
		{0CEB3459-5564-445E-82FB-28F120A35426}.Debug|x64.Build.0 = Debug|x64
		{0CEB3459-5564-445E-82FB-28F120A35426}.Debug|x86.ActiveCfg = Debug|x86
		{0CEB3459-5564-445E-82FB-28F120A35426}.Debug|x86.Build.0 = Debug|x86
		{0CEB3459-5564-445E-82FB-28F120A35426}.Release - x86|Any CPU.ActiveCfg = Release - x86|Any CPU
		{0CEB3459-5564-445E-82FB-28F120A35426}.Release - x86|Any CPU.Build.0 = Release - x86|Any CPU
		{0CEB3459-5564-445E-82FB-28F120A35426}.Release - x86|x64.ActiveCfg = Release - x86|x64
		{0CEB3459-5564-445E-82FB-28F120A35426}.Release - x86|x64.Build.0 = Release - x86|x64
		{0CEB3459-5564-445E-82FB-28F120A35426}.Release - x86|x86.ActiveCfg = Release - x86|x86
		{0CEB3459-5564-445E-82FB-28F120A35426}.Release - x86|x86.Build.0 = Release - x86|x86
		{0CEB3459-5564-445E-82FB-28F120A35426}.Release|Any CPU.ActiveCfg = Release|Any CPU
		{0CEB3459-5564-445E-82FB-28F120A35426}.Release|Any CPU.Build.0 = Release|Any CPU
		{0CEB3459-5564-445E-82FB-28F120A35426}.Release|x64.ActiveCfg = Release|x64
		{0CEB3459-5564-445E-82FB-28F120A35426}.Release|x64.Build.0 = Release|x64
		{0CEB3459-5564-445E-82FB-28F120A35426}.Release|x86.ActiveCfg = Release|x86
		{0CEB3459-5564-445E-82FB-28F120A35426}.Release|x86.Build.0 = Release|x86
		{0AA16370-FF67-484F-A0A0-9B0774CEABD8}.Debug|Any CPU.ActiveCfg = Debug|Any CPU
		{0AA16370-FF67-484F-A0A0-9B0774CEABD8}.Debug|Any CPU.Build.0 = Debug|Any CPU
		{0AA16370-FF67-484F-A0A0-9B0774CEABD8}.Debug|x64.ActiveCfg = Debug|Any CPU
		{0AA16370-FF67-484F-A0A0-9B0774CEABD8}.Debug|x86.ActiveCfg = Debug|Any CPU
		{0AA16370-FF67-484F-A0A0-9B0774CEABD8}.Release - x86|Any CPU.ActiveCfg = Release|Any CPU
		{0AA16370-FF67-484F-A0A0-9B0774CEABD8}.Release - x86|Any CPU.Build.0 = Release|Any CPU
		{0AA16370-FF67-484F-A0A0-9B0774CEABD8}.Release - x86|x64.ActiveCfg = Release|Any CPU
		{0AA16370-FF67-484F-A0A0-9B0774CEABD8}.Release - x86|x86.ActiveCfg = Release|Any CPU
		{0AA16370-FF67-484F-A0A0-9B0774CEABD8}.Release|Any CPU.ActiveCfg = Release|Any CPU
		{0AA16370-FF67-484F-A0A0-9B0774CEABD8}.Release|Any CPU.Build.0 = Release|Any CPU
		{0AA16370-FF67-484F-A0A0-9B0774CEABD8}.Release|x64.ActiveCfg = Release|Any CPU
		{0AA16370-FF67-484F-A0A0-9B0774CEABD8}.Release|x86.ActiveCfg = Release|Any CPU
	EndGlobalSection
	GlobalSection(SolutionProperties) = preSolution
		HideSolutionNode = FALSE
	EndGlobalSection
EndGlobal
